// !$*UTF8*$!
{
	archiveVersion = 1;
	classes = {
	};
	objectVersion = 56;
	objects = {

/* Begin PBXBuildFile section */
		682D37482B63C02F00C508DC /* EvaluationExpressionTree.swift in Sources */ = {isa = PBXBuildFile; fileRef = 682D37472B63C02F00C508DC /* EvaluationExpressionTree.swift */; };
		682D374A2B65103500C508DC /* InvertBT.swift in Sources */ = {isa = PBXBuildFile; fileRef = 682D37492B65103500C508DC /* InvertBT.swift */; };
		682D374C2B66215300C508DC /* BTDiameter.swift in Sources */ = {isa = PBXBuildFile; fileRef = 682D374B2B66215300C508DC /* BTDiameter.swift */; };
		6843DF8B2B6AA248006BCDC9 /* FindSuccessorAndPredecessor.swift in Sources */ = {isa = PBXBuildFile; fileRef = 6843DF8A2B6AA248006BCDC9 /* FindSuccessorAndPredecessor.swift */; };
		686333282B5A671600B608A5 /* AppDelegate.swift in Sources */ = {isa = PBXBuildFile; fileRef = 686333272B5A671600B608A5 /* AppDelegate.swift */; };
		6863332A2B5A671600B608A5 /* SceneDelegate.swift in Sources */ = {isa = PBXBuildFile; fileRef = 686333292B5A671600B608A5 /* SceneDelegate.swift */; };
		6863332C2B5A671600B608A5 /* ViewController.swift in Sources */ = {isa = PBXBuildFile; fileRef = 6863332B2B5A671600B608A5 /* ViewController.swift */; };
		6863332F2B5A671600B608A5 /* Main.storyboard in Resources */ = {isa = PBXBuildFile; fileRef = 6863332D2B5A671600B608A5 /* Main.storyboard */; };
		686333312B5A671600B608A5 /* Assets.xcassets in Resources */ = {isa = PBXBuildFile; fileRef = 686333302B5A671600B608A5 /* Assets.xcassets */; };
		686333342B5A671600B608A5 /* LaunchScreen.storyboard in Resources */ = {isa = PBXBuildFile; fileRef = 686333322B5A671600B608A5 /* LaunchScreen.storyboard */; };
		6863333D2B5A673400B608A5 /* ArrayPrograms.swift in Sources */ = {isa = PBXBuildFile; fileRef = 6863333C2B5A673400B608A5 /* ArrayPrograms.swift */; };
		6863333F2B5B98B000B608A5 /* TwoDimensionalArray.swift in Sources */ = {isa = PBXBuildFile; fileRef = 6863333E2B5B98B000B608A5 /* TwoDimensionalArray.swift */; };
		686F6CB92B6F5F23001B9B89 /* FindClosestValue.swift in Sources */ = {isa = PBXBuildFile; fileRef = 686F6CB82B6F5F23001B9B89 /* FindClosestValue.swift */; };
		6873F4842B6BAC28001CED3D /* HeightBalancedBT.swift in Sources */ = {isa = PBXBuildFile; fileRef = 6873F4832B6BAC28001CED3D /* HeightBalancedBT.swift */; };
		6873F4862B6C040D001CED3D /* MergeTwoBT.swift in Sources */ = {isa = PBXBuildFile; fileRef = 6873F4852B6C040D001CED3D /* MergeTwoBT.swift */; };
		6873F4882B6C07DD001CED3D /* SymmetricalTree.swift in Sources */ = {isa = PBXBuildFile; fileRef = 6873F4872B6C07DD001CED3D /* SymmetricalTree.swift */; };
		6873F48A2B6C0823001CED3D /* MaxPathSum.swift in Sources */ = {isa = PBXBuildFile; fileRef = 6873F4892B6C0823001CED3D /* MaxPathSum.swift */; };
		6884B70C2B5ECB7C0093E7A0 /* BranchSums.swift in Sources */ = {isa = PBXBuildFile; fileRef = 6884B70B2B5ECB7C0093E7A0 /* BranchSums.swift */; };
		688F85A12B62E3E6006534BF /* NodeDepths.swift in Sources */ = {isa = PBXBuildFile; fileRef = 688F85A02B62E3E6006534BF /* NodeDepths.swift */; };
/* End PBXBuildFile section */

/* Begin PBXFileReference section */
		682D37472B63C02F00C508DC /* EvaluationExpressionTree.swift */ = {isa = PBXFileReference; lastKnownFileType = sourcecode.swift; path = EvaluationExpressionTree.swift; sourceTree = "<group>"; };
		682D37492B65103500C508DC /* InvertBT.swift */ = {isa = PBXFileReference; lastKnownFileType = sourcecode.swift; path = InvertBT.swift; sourceTree = "<group>"; };
		682D374B2B66215300C508DC /* BTDiameter.swift */ = {isa = PBXFileReference; lastKnownFileType = sourcecode.swift; path = BTDiameter.swift; sourceTree = "<group>"; };
		6843DF8A2B6AA248006BCDC9 /* FindSuccessorAndPredecessor.swift */ = {isa = PBXFileReference; lastKnownFileType = sourcecode.swift; path = FindSuccessorAndPredecessor.swift; sourceTree = "<group>"; };
		686333242B5A671600B608A5 /* AlgoExpert.app */ = {isa = PBXFileReference; explicitFileType = wrapper.application; includeInIndex = 0; path = AlgoExpert.app; sourceTree = BUILT_PRODUCTS_DIR; };
		686333272B5A671600B608A5 /* AppDelegate.swift */ = {isa = PBXFileReference; lastKnownFileType = sourcecode.swift; path = AppDelegate.swift; sourceTree = "<group>"; };
		686333292B5A671600B608A5 /* SceneDelegate.swift */ = {isa = PBXFileReference; lastKnownFileType = sourcecode.swift; path = SceneDelegate.swift; sourceTree = "<group>"; };
		6863332B2B5A671600B608A5 /* ViewController.swift */ = {isa = PBXFileReference; lastKnownFileType = sourcecode.swift; path = ViewController.swift; sourceTree = "<group>"; };
		6863332E2B5A671600B608A5 /* Base */ = {isa = PBXFileReference; lastKnownFileType = file.storyboard; name = Base; path = Base.lproj/Main.storyboard; sourceTree = "<group>"; };
		686333302B5A671600B608A5 /* Assets.xcassets */ = {isa = PBXFileReference; lastKnownFileType = folder.assetcatalog; path = Assets.xcassets; sourceTree = "<group>"; };
		686333332B5A671600B608A5 /* Base */ = {isa = PBXFileReference; lastKnownFileType = file.storyboard; name = Base; path = Base.lproj/LaunchScreen.storyboard; sourceTree = "<group>"; };
		686333352B5A671600B608A5 /* Info.plist */ = {isa = PBXFileReference; lastKnownFileType = text.plist.xml; path = Info.plist; sourceTree = "<group>"; };
		6863333C2B5A673400B608A5 /* ArrayPrograms.swift */ = {isa = PBXFileReference; lastKnownFileType = sourcecode.swift; path = ArrayPrograms.swift; sourceTree = "<group>"; };
		6863333E2B5B98B000B608A5 /* TwoDimensionalArray.swift */ = {isa = PBXFileReference; lastKnownFileType = sourcecode.swift; path = TwoDimensionalArray.swift; sourceTree = "<group>"; };
		686F6CB82B6F5F23001B9B89 /* FindClosestValue.swift */ = {isa = PBXFileReference; lastKnownFileType = sourcecode.swift; path = FindClosestValue.swift; sourceTree = "<group>"; };
		6873F4832B6BAC28001CED3D /* HeightBalancedBT.swift */ = {isa = PBXFileReference; lastKnownFileType = sourcecode.swift; path = HeightBalancedBT.swift; sourceTree = "<group>"; };
		6873F4852B6C040D001CED3D /* MergeTwoBT.swift */ = {isa = PBXFileReference; lastKnownFileType = sourcecode.swift; path = MergeTwoBT.swift; sourceTree = "<group>"; };
		6873F4872B6C07DD001CED3D /* SymmetricalTree.swift */ = {isa = PBXFileReference; lastKnownFileType = sourcecode.swift; path = SymmetricalTree.swift; sourceTree = "<group>"; };
		6873F4892B6C0823001CED3D /* MaxPathSum.swift */ = {isa = PBXFileReference; lastKnownFileType = sourcecode.swift; path = MaxPathSum.swift; sourceTree = "<group>"; };
		6884B70B2B5ECB7C0093E7A0 /* BranchSums.swift */ = {isa = PBXFileReference; lastKnownFileType = sourcecode.swift; path = BranchSums.swift; sourceTree = "<group>"; };
		688F85A02B62E3E6006534BF /* NodeDepths.swift */ = {isa = PBXFileReference; lastKnownFileType = sourcecode.swift; path = NodeDepths.swift; sourceTree = "<group>"; };
/* End PBXFileReference section */

/* Begin PBXFrameworksBuildPhase section */
		686333212B5A671600B608A5 /* Frameworks */ = {
			isa = PBXFrameworksBuildPhase;
			buildActionMask = 2147483647;
			files = (
			);
			runOnlyForDeploymentPostprocessing = 0;
		};
/* End PBXFrameworksBuildPhase section */

/* Begin PBXGroup section */
		6863331B2B5A671600B608A5 = {
			isa = PBXGroup;
			children = (
				686333262B5A671600B608A5 /* AlgoExpert */,
				686333252B5A671600B608A5 /* Products */,
			);
			sourceTree = "<group>";
		};
		686333252B5A671600B608A5 /* Products */ = {
			isa = PBXGroup;
			children = (
				686333242B5A671600B608A5 /* AlgoExpert.app */,
			);
			name = Products;
			sourceTree = "<group>";
		};
		686333262B5A671600B608A5 /* AlgoExpert */ = {
			isa = PBXGroup;
			children = (
				686333272B5A671600B608A5 /* AppDelegate.swift */,
				686333292B5A671600B608A5 /* SceneDelegate.swift */,
				6863332B2B5A671600B608A5 /* ViewController.swift */,
				686F6CB72B6F5F0D001B9B89 /* BinarySearchTree */,
				6884B70A2B5ECB5A0093E7A0 /* BinaryTree */,
				6863333B2B5A672000B608A5 /* Array */,
				6863332D2B5A671600B608A5 /* Main.storyboard */,
				686333302B5A671600B608A5 /* Assets.xcassets */,
				686333322B5A671600B608A5 /* LaunchScreen.storyboard */,
				686333352B5A671600B608A5 /* Info.plist */,
			);
			path = AlgoExpert;
			sourceTree = "<group>";
		};
		6863333B2B5A672000B608A5 /* Array */ = {
			isa = PBXGroup;
			children = (
				6863333C2B5A673400B608A5 /* ArrayPrograms.swift */,
				6863333E2B5B98B000B608A5 /* TwoDimensionalArray.swift */,
			);
			path = Array;
			sourceTree = "<group>";
		};
		686F6CB72B6F5F0D001B9B89 /* BinarySearchTree */ = {
			isa = PBXGroup;
			children = (
				686F6CB82B6F5F23001B9B89 /* FindClosestValue.swift */,
			);
			path = BinarySearchTree;
			sourceTree = "<group>";
		};
		6884B70A2B5ECB5A0093E7A0 /* BinaryTree */ = {
			isa = PBXGroup;
			children = (
				6884B70B2B5ECB7C0093E7A0 /* BranchSums.swift */,
				688F85A02B62E3E6006534BF /* NodeDepths.swift */,
				682D37472B63C02F00C508DC /* EvaluationExpressionTree.swift */,
				682D37492B65103500C508DC /* InvertBT.swift */,
				682D374B2B66215300C508DC /* BTDiameter.swift */,
				6843DF8A2B6AA248006BCDC9 /* FindSuccessorAndPredecessor.swift */,
				6873F4832B6BAC28001CED3D /* HeightBalancedBT.swift */,
				6873F4852B6C040D001CED3D /* MergeTwoBT.swift */,
				6873F4872B6C07DD001CED3D /* SymmetricalTree.swift */,
				6873F4892B6C0823001CED3D /* MaxPathSum.swift */,
			);
			path = BinaryTree;
			sourceTree = "<group>";
		};
/* End PBXGroup section */

/* Begin PBXNativeTarget section */
		686333232B5A671600B608A5 /* AlgoExpert */ = {
			isa = PBXNativeTarget;
			buildConfigurationList = 686333382B5A671600B608A5 /* Build configuration list for PBXNativeTarget "AlgoExpert" */;
			buildPhases = (
				686333202B5A671600B608A5 /* Sources */,
				686333212B5A671600B608A5 /* Frameworks */,
				686333222B5A671600B608A5 /* Resources */,
			);
			buildRules = (
			);
			dependencies = (
			);
			name = AlgoExpert;
			productName = AlgoExpert;
			productReference = 686333242B5A671600B608A5 /* AlgoExpert.app */;
			productType = "com.apple.product-type.application";
		};
/* End PBXNativeTarget section */

/* Begin PBXProject section */
		6863331C2B5A671600B608A5 /* Project object */ = {
			isa = PBXProject;
			attributes = {
				BuildIndependentTargetsInParallel = 1;
				LastSwiftUpdateCheck = 1520;
				LastUpgradeCheck = 1520;
				TargetAttributes = {
					686333232B5A671600B608A5 = {
						CreatedOnToolsVersion = 15.2;
					};
				};
			};
			buildConfigurationList = 6863331F2B5A671600B608A5 /* Build configuration list for PBXProject "AlgoExpert" */;
			compatibilityVersion = "Xcode 14.0";
			developmentRegion = en;
			hasScannedForEncodings = 0;
			knownRegions = (
				en,
				Base,
			);
			mainGroup = 6863331B2B5A671600B608A5;
			productRefGroup = 686333252B5A671600B608A5 /* Products */;
			projectDirPath = "";
			projectRoot = "";
			targets = (
				686333232B5A671600B608A5 /* AlgoExpert */,
			);
		};
/* End PBXProject section */

/* Begin PBXResourcesBuildPhase section */
		686333222B5A671600B608A5 /* Resources */ = {
			isa = PBXResourcesBuildPhase;
			buildActionMask = 2147483647;
			files = (
				686333342B5A671600B608A5 /* LaunchScreen.storyboard in Resources */,
				686333312B5A671600B608A5 /* Assets.xcassets in Resources */,
				6863332F2B5A671600B608A5 /* Main.storyboard in Resources */,
			);
			runOnlyForDeploymentPostprocessing = 0;
		};
/* End PBXResourcesBuildPhase section */

/* Begin PBXSourcesBuildPhase section */
		686333202B5A671600B608A5 /* Sources */ = {
			isa = PBXSourcesBuildPhase;
			buildActionMask = 2147483647;
			files = (
				6873F4882B6C07DD001CED3D /* SymmetricalTree.swift in Sources */,
				6863333D2B5A673400B608A5 /* ArrayPrograms.swift in Sources */,
				6873F48A2B6C0823001CED3D /* MaxPathSum.swift in Sources */,
				682D37482B63C02F00C508DC /* EvaluationExpressionTree.swift in Sources */,
				6863333F2B5B98B000B608A5 /* TwoDimensionalArray.swift in Sources */,
				6863332C2B5A671600B608A5 /* ViewController.swift in Sources */,
				6884B70C2B5ECB7C0093E7A0 /* BranchSums.swift in Sources */,
				686333282B5A671600B608A5 /* AppDelegate.swift in Sources */,
				6873F4842B6BAC28001CED3D /* HeightBalancedBT.swift in Sources */,
				682D374C2B66215300C508DC /* BTDiameter.swift in Sources */,
				682D374A2B65103500C508DC /* InvertBT.swift in Sources */,
				6863332A2B5A671600B608A5 /* SceneDelegate.swift in Sources */,
				686F6CB92B6F5F23001B9B89 /* FindClosestValue.swift in Sources */,
				688F85A12B62E3E6006534BF /* NodeDepths.swift in Sources */,
				6843DF8B2B6AA248006BCDC9 /* FindSuccessorAndPredecessor.swift in Sources */,
				6873F4862B6C040D001CED3D /* MergeTwoBT.swift in Sources */,
			);
			runOnlyForDeploymentPostprocessing = 0;
		};
/* End PBXSourcesBuildPhase section */

/* Begin PBXVariantGroup section */
		6863332D2B5A671600B608A5 /* Main.storyboard */ = {
			isa = PBXVariantGroup;
			children = (
				6863332E2B5A671600B608A5 /* Base */,
			);
			name = Main.storyboard;
			sourceTree = "<group>";
		};
		686333322B5A671600B608A5 /* LaunchScreen.storyboard */ = {
			isa = PBXVariantGroup;
			children = (
				686333332B5A671600B608A5 /* Base */,
			);
			name = LaunchScreen.storyboard;
			sourceTree = "<group>";
		};
/* End PBXVariantGroup section */

/* Begin XCBuildConfiguration section */
		686333362B5A671600B608A5 /* Debug */ = {
			isa = XCBuildConfiguration;
			buildSettings = {
				ALWAYS_SEARCH_USER_PATHS = NO;
				ASSETCATALOG_COMPILER_GENERATE_SWIFT_ASSET_SYMBOL_EXTENSIONS = YES;
				CLANG_ANALYZER_NONNULL = YES;
				CLANG_ANALYZER_NUMBER_OBJECT_CONVERSION = YES_AGGRESSIVE;
				CLANG_CXX_LANGUAGE_STANDARD = "gnu++20";
				CLANG_ENABLE_MODULES = YES;
				CLANG_ENABLE_OBJC_ARC = YES;
				CLANG_ENABLE_OBJC_WEAK = YES;
				CLANG_WARN_BLOCK_CAPTURE_AUTORELEASING = YES;
				CLANG_WARN_BOOL_CONVERSION = YES;
				CLANG_WARN_COMMA = YES;
				CLANG_WARN_CONSTANT_CONVERSION = YES;
				CLANG_WARN_DEPRECATED_OBJC_IMPLEMENTATIONS = YES;
				CLANG_WARN_DIRECT_OBJC_ISA_USAGE = YES_ERROR;
				CLANG_WARN_DOCUMENTATION_COMMENTS = YES;
				CLANG_WARN_EMPTY_BODY = YES;
				CLANG_WARN_ENUM_CONVERSION = YES;
				CLANG_WARN_INFINITE_RECURSION = YES;
				CLANG_WARN_INT_CONVERSION = YES;
				CLANG_WARN_NON_LITERAL_NULL_CONVERSION = YES;
				CLANG_WARN_OBJC_IMPLICIT_RETAIN_SELF = YES;
				CLANG_WARN_OBJC_LITERAL_CONVERSION = YES;
				CLANG_WARN_OBJC_ROOT_CLASS = YES_ERROR;
				CLANG_WARN_QUOTED_INCLUDE_IN_FRAMEWORK_HEADER = YES;
				CLANG_WARN_RANGE_LOOP_ANALYSIS = YES;
				CLANG_WARN_STRICT_PROTOTYPES = YES;
				CLANG_WARN_SUSPICIOUS_MOVE = YES;
				CLANG_WARN_UNGUARDED_AVAILABILITY = YES_AGGRESSIVE;
				CLANG_WARN_UNREACHABLE_CODE = YES;
				CLANG_WARN__DUPLICATE_METHOD_MATCH = YES;
				COPY_PHASE_STRIP = NO;
				DEBUG_INFORMATION_FORMAT = dwarf;
				ENABLE_STRICT_OBJC_MSGSEND = YES;
				ENABLE_TESTABILITY = YES;
				ENABLE_USER_SCRIPT_SANDBOXING = YES;
				GCC_C_LANGUAGE_STANDARD = gnu17;
				GCC_DYNAMIC_NO_PIC = NO;
				GCC_NO_COMMON_BLOCKS = YES;
				GCC_OPTIMIZATION_LEVEL = 0;
				GCC_PREPROCESSOR_DEFINITIONS = (
					"DEBUG=1",
					"$(inherited)",
				);
				GCC_WARN_64_TO_32_BIT_CONVERSION = YES;
				GCC_WARN_ABOUT_RETURN_TYPE = YES_ERROR;
				GCC_WARN_UNDECLARED_SELECTOR = YES;
				GCC_WARN_UNINITIALIZED_AUTOS = YES_AGGRESSIVE;
				GCC_WARN_UNUSED_FUNCTION = YES;
				GCC_WARN_UNUSED_VARIABLE = YES;
				IPHONEOS_DEPLOYMENT_TARGET = 17.2;
				LOCALIZATION_PREFERS_STRING_CATALOGS = YES;
				MTL_ENABLE_DEBUG_INFO = INCLUDE_SOURCE;
				MTL_FAST_MATH = YES;
				ONLY_ACTIVE_ARCH = YES;
				SDKROOT = iphoneos;
				SWIFT_ACTIVE_COMPILATION_CONDITIONS = "DEBUG $(inherited)";
				SWIFT_OPTIMIZATION_LEVEL = "-Onone";
			};
			name = Debug;
		};
		686333372B5A671600B608A5 /* Release */ = {
			isa = XCBuildConfiguration;
			buildSettings = {
				ALWAYS_SEARCH_USER_PATHS = NO;
				ASSETCATALOG_COMPILER_GENERATE_SWIFT_ASSET_SYMBOL_EXTENSIONS = YES;
				CLANG_ANALYZER_NONNULL = YES;
				CLANG_ANALYZER_NUMBER_OBJECT_CONVERSION = YES_AGGRESSIVE;
				CLANG_CXX_LANGUAGE_STANDARD = "gnu++20";
				CLANG_ENABLE_MODULES = YES;
				CLANG_ENABLE_OBJC_ARC = YES;
				CLANG_ENABLE_OBJC_WEAK = YES;
				CLANG_WARN_BLOCK_CAPTURE_AUTORELEASING = YES;
				CLANG_WARN_BOOL_CONVERSION = YES;
				CLANG_WARN_COMMA = YES;
				CLANG_WARN_CONSTANT_CONVERSION = YES;
				CLANG_WARN_DEPRECATED_OBJC_IMPLEMENTATIONS = YES;
				CLANG_WARN_DIRECT_OBJC_ISA_USAGE = YES_ERROR;
				CLANG_WARN_DOCUMENTATION_COMMENTS = YES;
				CLANG_WARN_EMPTY_BODY = YES;
				CLANG_WARN_ENUM_CONVERSION = YES;
				CLANG_WARN_INFINITE_RECURSION = YES;
				CLANG_WARN_INT_CONVERSION = YES;
				CLANG_WARN_NON_LITERAL_NULL_CONVERSION = YES;
				CLANG_WARN_OBJC_IMPLICIT_RETAIN_SELF = YES;
				CLANG_WARN_OBJC_LITERAL_CONVERSION = YES;
				CLANG_WARN_OBJC_ROOT_CLASS = YES_ERROR;
				CLANG_WARN_QUOTED_INCLUDE_IN_FRAMEWORK_HEADER = YES;
				CLANG_WARN_RANGE_LOOP_ANALYSIS = YES;
				CLANG_WARN_STRICT_PROTOTYPES = YES;
				CLANG_WARN_SUSPICIOUS_MOVE = YES;
				CLANG_WARN_UNGUARDED_AVAILABILITY = YES_AGGRESSIVE;
				CLANG_WARN_UNREACHABLE_CODE = YES;
				CLANG_WARN__DUPLICATE_METHOD_MATCH = YES;
				COPY_PHASE_STRIP = NO;
				DEBUG_INFORMATION_FORMAT = "dwarf-with-dsym";
				ENABLE_NS_ASSERTIONS = NO;
				ENABLE_STRICT_OBJC_MSGSEND = YES;
				ENABLE_USER_SCRIPT_SANDBOXING = YES;
				GCC_C_LANGUAGE_STANDARD = gnu17;
				GCC_NO_COMMON_BLOCKS = YES;
				GCC_WARN_64_TO_32_BIT_CONVERSION = YES;
				GCC_WARN_ABOUT_RETURN_TYPE = YES_ERROR;
				GCC_WARN_UNDECLARED_SELECTOR = YES;
				GCC_WARN_UNINITIALIZED_AUTOS = YES_AGGRESSIVE;
				GCC_WARN_UNUSED_FUNCTION = YES;
				GCC_WARN_UNUSED_VARIABLE = YES;
				IPHONEOS_DEPLOYMENT_TARGET = 17.2;
				LOCALIZATION_PREFERS_STRING_CATALOGS = YES;
				MTL_ENABLE_DEBUG_INFO = NO;
				MTL_FAST_MATH = YES;
				SDKROOT = iphoneos;
				SWIFT_COMPILATION_MODE = wholemodule;
				VALIDATE_PRODUCT = YES;
			};
			name = Release;
		};
		686333392B5A671600B608A5 /* Debug */ = {
			isa = XCBuildConfiguration;
			buildSettings = {
				ASSETCATALOG_COMPILER_APPICON_NAME = AppIcon;
				ASSETCATALOG_COMPILER_GLOBAL_ACCENT_COLOR_NAME = AccentColor;
				CODE_SIGN_STYLE = Automatic;
				CURRENT_PROJECT_VERSION = 1;
				GENERATE_INFOPLIST_FILE = YES;
				INFOPLIST_FILE = AlgoExpert/Info.plist;
				INFOPLIST_KEY_UIApplicationSupportsIndirectInputEvents = YES;
				INFOPLIST_KEY_UILaunchStoryboardName = LaunchScreen;
				INFOPLIST_KEY_UIMainStoryboardFile = Main;
				INFOPLIST_KEY_UISupportedInterfaceOrientations_iPad = "UIInterfaceOrientationPortrait UIInterfaceOrientationPortraitUpsideDown UIInterfaceOrientationLandscapeLeft UIInterfaceOrientationLandscapeRight";
				INFOPLIST_KEY_UISupportedInterfaceOrientations_iPhone = "UIInterfaceOrientationPortrait UIInterfaceOrientationLandscapeLeft UIInterfaceOrientationLandscapeRight";
				LD_RUNPATH_SEARCH_PATHS = (
					"$(inherited)",
					"@executable_path/Frameworks",
				);
				MARKETING_VERSION = 1.0;
				PRODUCT_BUNDLE_IDENTIFIER = com.hiren.AlgoExpert;
				PRODUCT_NAME = "$(TARGET_NAME)";
				SWIFT_EMIT_LOC_STRINGS = YES;
				SWIFT_VERSION = 5.0;
				TARGETED_DEVICE_FAMILY = "1,2";
			};
			name = Debug;
		};
		6863333A2B5A671600B608A5 /* Release */ = {
			isa = XCBuildConfiguration;
			buildSettings = {
				ASSETCATALOG_COMPILER_APPICON_NAME = AppIcon;
				ASSETCATALOG_COMPILER_GLOBAL_ACCENT_COLOR_NAME = AccentColor;
				CODE_SIGN_STYLE = Automatic;
				CURRENT_PROJECT_VERSION = 1;
				GENERATE_INFOPLIST_FILE = YES;
				INFOPLIST_FILE = AlgoExpert/Info.plist;
				INFOPLIST_KEY_UIApplicationSupportsIndirectInputEvents = YES;
				INFOPLIST_KEY_UILaunchStoryboardName = LaunchScreen;
				INFOPLIST_KEY_UIMainStoryboardFile = Main;
				INFOPLIST_KEY_UISupportedInterfaceOrientations_iPad = "UIInterfaceOrientationPortrait UIInterfaceOrientationPortraitUpsideDown UIInterfaceOrientationLandscapeLeft UIInterfaceOrientationLandscapeRight";
				INFOPLIST_KEY_UISupportedInterfaceOrientations_iPhone = "UIInterfaceOrientationPortrait UIInterfaceOrientationLandscapeLeft UIInterfaceOrientationLandscapeRight";
				LD_RUNPATH_SEARCH_PATHS = (
					"$(inherited)",
					"@executable_path/Frameworks",
				);
				MARKETING_VERSION = 1.0;
				PRODUCT_BUNDLE_IDENTIFIER = com.hiren.AlgoExpert;
				PRODUCT_NAME = "$(TARGET_NAME)";
				SWIFT_EMIT_LOC_STRINGS = YES;
				SWIFT_VERSION = 5.0;
				TARGETED_DEVICE_FAMILY = "1,2";
			};
			name = Release;
		};
/* End XCBuildConfiguration section */

/* Begin XCConfigurationList section */
		6863331F2B5A671600B608A5 /* Build configuration list for PBXProject "AlgoExpert" */ = {
			isa = XCConfigurationList;
			buildConfigurations = (
				686333362B5A671600B608A5 /* Debug */,
				686333372B5A671600B608A5 /* Release */,
			);
			defaultConfigurationIsVisible = 0;
			defaultConfigurationName = Release;
		};
		686333382B5A671600B608A5 /* Build configuration list for PBXNativeTarget "AlgoExpert" */ = {
			isa = XCConfigurationList;
			buildConfigurations = (
				686333392B5A671600B608A5 /* Debug */,
				6863333A2B5A671600B608A5 /* Release */,
			);
			defaultConfigurationIsVisible = 0;
			defaultConfigurationName = Release;
		};
/* End XCConfigurationList section */
	};
	rootObject = 6863331C2B5A671600B608A5 /* Project object */;
}
